
Microsoft Visual Studio Solution File, Format Version 12.00
# Visual Studio Version 17
VisualStudioVersion = 17.9.34701.34
MinimumVisualStudioVersion = 10.0.40219.1
Project("{9A19103F-16F7-4668-BE54-9A1E7A4F7556}") = "TestAppPir", "TestAppPir\TestAppPir.csproj", "{20117886-9656-4F7E-B09F-8CB8F5F233F8}"
EndProject
Global
	GlobalSection(SolutionConfigurationPlatforms) = preSolution
		Debug|Any CPU = Debug|Any CPU
		Debug|ARM64 = Debug|ARM64
		Release|Any CPU = Release|Any CPU
		Release|ARM64 = Release|ARM64
	EndGlobalSection
	GlobalSection(ProjectConfigurationPlatforms) = postSolution
		{20117886-9656-4F7E-B09F-8CB8F5F233F8}.Debug|Any CPU.ActiveCfg = Debug|Any CPU
		{20117886-9656-4F7E-B09F-8CB8F5F233F8}.Debug|Any CPU.Build.0 = Debug|Any CPU
		{20117886-9656-4F7E-B09F-8CB8F5F233F8}.Debug|Any CPU.Deploy.0 = Debug|Any CPU
		{20117886-9656-4F7E-B09F-8CB8F5F233F8}.Debug|ARM64.ActiveCfg = Debug|ARM64
		{20117886-9656-4F7E-B09F-8CB8F5F233F8}.Debug|ARM64.Build.0 = Debug|ARM64
		{20117886-9656-4F7E-B09F-8CB8F5F233F8}.Debug|ARM64.Deploy.0 = Debug|ARM64
		{20117886-9656-4F7E-B09F-8CB8F5F233F8}.Release|Any CPU.ActiveCfg = Release|Any CPU
		{20117886-9656-4F7E-B09F-8CB8F5F233F8}.Release|Any CPU.Build.0 = Release|Any CPU
		{20117886-9656-4F7E-B09F-8CB8F5F233F8}.Release|Any CPU.Deploy.0 = Release|Any CPU
		{20117886-9656-4F7E-B09F-8CB8F5F233F8}.Release|ARM64.ActiveCfg = Release|ARM64
		{20117886-9656-4F7E-B09F-8CB8F5F233F8}.Release|ARM64.Build.0 = Release|ARM64
		{20117886-9656-4F7E-B09F-8CB8F5F233F8}.Release|ARM64.Deploy.0 = Release|ARM64
	EndGlobalSection
	GlobalSection(SolutionProperties) = preSolution
		HideSolutionNode = FALSE
	EndGlobalSection
	GlobalSection(ExtensibilityGlobals) = postSolution
		SolutionGuid = {28C66345-D488-483F-B469-453B105B1038}
	EndGlobalSection
EndGlobal
